
Microsoft Visual Studio Solution File, Format Version 12.00
Project("{FAE04EC0-301F-11D3-BF4B-00C04F79EFBC}") = "Provisioner", "Provisioner\Provisioner.csproj", "{0E9BB8CF-CE87-4B3F-A7DE-6A33058AA164}"
EndProject
Project("{FAE04EC0-301F-11D3-BF4B-00C04F79EFBC}") = "Infrastructure", "Infrastructure\Infrastructure.csproj", "{05EE8BC6-8E58-4B77-8E63-234E9BCDFE85}"
EndProject
Project("{2150E333-8FDC-42A3-9474-1A3956D46DE8}") = "Kafka", "Kafka", "{8B4CCB3D-13A5-4C36-912C-236B4FFDFF18}"
EndProject
Project("{FAE04EC0-301F-11D3-BF4B-00C04F79EFBC}") = "Kafka", "Kafka\Kafka.csproj", "{301A3287-B903-47CD-8D61-CD110EB0564A}"
EndProject
Project("{FAE04EC0-301F-11D3-BF4B-00C04F79EFBC}") = "Kafka.Console", "Kafka.Console\Kafka.Console.csproj", "{63D29E89-9A17-4727-82B1-08DD20943D3A}"
EndProject
Project("{2150E333-8FDC-42A3-9474-1A3956D46DE8}") = "Tests", "Tests", "{0DB95FF4-874D-4173-A500-9EE4FB070791}"
EndProject
Project("{FAE04EC0-301F-11D3-BF4B-00C04F79EFBC}") = "Kafka.Tests", "Kafka.Tests\Kafka.Tests.csproj", "{D75C6A00-7B51-4956-80EF-AB4CBA0783D9}"
EndProject
Project("{FAE04EC0-301F-11D3-BF4B-00C04F79EFBC}") = "Kafka.IntegrationTests", "Kafka.IntegrationTests\Kafka.IntegrationTests.csproj", "{77B67C5A-0D35-4B46-855F-11DB0180E053}"
EndProject
Global
	GlobalSection(SolutionConfigurationPlatforms) = preSolution
		Debug|Any CPU = Debug|Any CPU
		Release|Any CPU = Release|Any CPU
	EndGlobalSection
	GlobalSection(ProjectConfigurationPlatforms) = postSolution
		{0E9BB8CF-CE87-4B3F-A7DE-6A33058AA164}.Debug|Any CPU.ActiveCfg = Debug|Any CPU
		{0E9BB8CF-CE87-4B3F-A7DE-6A33058AA164}.Debug|Any CPU.Build.0 = Debug|Any CPU
		{0E9BB8CF-CE87-4B3F-A7DE-6A33058AA164}.Release|Any CPU.ActiveCfg = Release|Any CPU
		{0E9BB8CF-CE87-4B3F-A7DE-6A33058AA164}.Release|Any CPU.Build.0 = Release|Any CPU
		{05EE8BC6-8E58-4B77-8E63-234E9BCDFE85}.Debug|Any CPU.ActiveCfg = Debug|Any CPU
		{05EE8BC6-8E58-4B77-8E63-234E9BCDFE85}.Debug|Any CPU.Build.0 = Debug|Any CPU
		{05EE8BC6-8E58-4B77-8E63-234E9BCDFE85}.Release|Any CPU.ActiveCfg = Release|Any CPU
		{05EE8BC6-8E58-4B77-8E63-234E9BCDFE85}.Release|Any CPU.Build.0 = Release|Any CPU
		{301A3287-B903-47CD-8D61-CD110EB0564A}.Debug|Any CPU.ActiveCfg = Debug|Any CPU
		{301A3287-B903-47CD-8D61-CD110EB0564A}.Debug|Any CPU.Build.0 = Debug|Any CPU
		{301A3287-B903-47CD-8D61-CD110EB0564A}.Release|Any CPU.ActiveCfg = Release|Any CPU
		{301A3287-B903-47CD-8D61-CD110EB0564A}.Release|Any CPU.Build.0 = Release|Any CPU
		{63D29E89-9A17-4727-82B1-08DD20943D3A}.Debug|Any CPU.ActiveCfg = Debug|Any CPU
		{63D29E89-9A17-4727-82B1-08DD20943D3A}.Debug|Any CPU.Build.0 = Debug|Any CPU
		{63D29E89-9A17-4727-82B1-08DD20943D3A}.Release|Any CPU.ActiveCfg = Release|Any CPU
		{63D29E89-9A17-4727-82B1-08DD20943D3A}.Release|Any CPU.Build.0 = Release|Any CPU
		{D75C6A00-7B51-4956-80EF-AB4CBA0783D9}.Debug|Any CPU.ActiveCfg = Debug|Any CPU
		{D75C6A00-7B51-4956-80EF-AB4CBA0783D9}.Debug|Any CPU.Build.0 = Debug|Any CPU
		{D75C6A00-7B51-4956-80EF-AB4CBA0783D9}.Release|Any CPU.ActiveCfg = Release|Any CPU
		{D75C6A00-7B51-4956-80EF-AB4CBA0783D9}.Release|Any CPU.Build.0 = Release|Any CPU
		{77B67C5A-0D35-4B46-855F-11DB0180E053}.Debug|Any CPU.ActiveCfg = Debug|Any CPU
		{77B67C5A-0D35-4B46-855F-11DB0180E053}.Debug|Any CPU.Build.0 = Debug|Any CPU
		{77B67C5A-0D35-4B46-855F-11DB0180E053}.Release|Any CPU.ActiveCfg = Release|Any CPU
		{77B67C5A-0D35-4B46-855F-11DB0180E053}.Release|Any CPU.Build.0 = Release|Any CPU
	EndGlobalSection
	GlobalSection(NestedProjects) = preSolution
		{301A3287-B903-47CD-8D61-CD110EB0564A} = {8B4CCB3D-13A5-4C36-912C-236B4FFDFF18}
		{63D29E89-9A17-4727-82B1-08DD20943D3A} = {8B4CCB3D-13A5-4C36-912C-236B4FFDFF18}
		{0DB95FF4-874D-4173-A500-9EE4FB070791} = {8B4CCB3D-13A5-4C36-912C-236B4FFDFF18}
		{D75C6A00-7B51-4956-80EF-AB4CBA0783D9} = {0DB95FF4-874D-4173-A500-9EE4FB070791}
		{77B67C5A-0D35-4B46-855F-11DB0180E053} = {0DB95FF4-874D-4173-A500-9EE4FB070791}
	EndGlobalSection
EndGlobal
